version = 1
revision = 3
requires-python = ">=3.13"

[[package]]
name = "anti-slop-py"
version = "0.1.0"
source = { git = "https://github.com/TinyFrontier/anti-slop-py?rev=86ea16d3abb2322e0496c5b6da8cd6d5704166cf#86ea16d3abb2322e0496c5b6da8cd6d5704166cf" }

[[package]]
name = "complexipy"
version = "8.0.1"
source = { registry = "https://pypi.org/simple" }
sdist = { url = "https://files.pythonhosted.org/packages/eb/80/4b257f04a98dd74c7a40c39ae83a156f498d5a12dedea7f6609ef019d1c7/complexipy-8.0.1.tar.gz", hash = "sha256:1739c0781a50ae590eaa74d6362c505b8a6b3a5a87e1a3599f4790a84f6d3331", size = 106091, upload-time = "2026-09-07T02:29:01.455Z" }
wheels = [
    { url = "https://files.pythonhosted.org/packages/91/09/84181353a987ea115912f00c509dd6558c951f15755b0d8d4e432953b59d/complexipy-8.0.1-cp313-cp313-macosx_10_12_x86_64.whl", hash = "sha256:78ee1ba8963cc694ea678cfe43542e5419fd5d2bf89c025ba4e0033bad388b4e", size = 3541656, upload-time = "2026-09-07T02:27:22.148Z" },
    { url = "https://files.pythonhosted.org/packages/92/c5/01944f21f821c2a0237c1d88932427beb7ed913ab9be9f0dabae112a692e/complexipy-8.0.1-cp313-cp313-macosx_11_0_arm64.whl", hash = "sha256:e2f12e833fbdc58c4a2d1b651252cd899c8534ab732bd3c142f8387565642b33", size = 3458762, upload-time = "2026-09-07T02:27:23.645Z" },
    { url = "https://files.pythonhosted.org/packages/b6/c3/656737c700e7e36b1a73d8a83f2bcea6445476d6f13be336b164a716ba23/complexipy-8.0.1-cp313-cp313-manylinux_2_17_aarch64.manylinux2014_aarch64.whl", hash = "sha256:bc2a8bd0b11c567924c563e884bffdd4d0181c06e2a2710c592296c09ac727b6", size = 3760587, upload-time = "2026-09-07T02:27:25.096Z" },
    { url = "https://files.pythonhosted.org/packages/68/9d/a8cb78a02980a4774a283f53f2feb5c914d66a2431c51d3cf72d1266fb57/complexipy-8.0.1-cp313-cp313-manylinux_2_17_armv7l.manylinux2014_armv7l.whl", hash = "sha256:d117f0e255a540e0033cce065f78d77e7e49042e07934b3244e0afd6e314a6ce", size = 3669726, upload-time = "2026-09-07T02:27:26.356Z" },
    { url = "https://files.pythonhosted.org/packages/10/0e/f48a6f8c59852618f217b84c59fe2be17e0339f14b74544d66497a76db61/complexipy-8.0.1-cp313-cp313-manylinux_2_17_i686.manylinux2014_i686.whl", hash = "sha256:63e5f1042f5f01f0333dc4b6a7075fae5818c1fcdcff7f16507024ba780dd594", size = 4020258, upload-time = "2026-09-07T02:27:27.871Z" },
    { url = "https://files.pythonhosted.org/packages/ea/d6/a88977e6f0d9d6f1ae258a6dbcfc3ba82a3aa7d24308dfdb9264e9debbf3/complexipy-8.0.1-cp313-cp313-manylinux_2_17_ppc64le.manylinux2014_ppc64le.whl", hash = "sha256:0671bc6f9e4b0570f84d00e3a946cd5c20e8e363c8559948fa7bb6abfa764f7e", size = 4265975, upload-time = "2026-09-07T02:27:29.182Z" },
    { url = "https://files.pythonhosted.org/packages/8e/09/14062c03942ab9d1d3bcc0d2a004df82075f8dc1eb0586e104a30bccae06/complexipy-8.0.1-cp313-cp313-manylinux_2_17_s390x.manylinux2014_s390x.whl", hash = "sha256:4ec7f01971b6fe12fadc6f2521bd589778fe6b39d5d94521826b0702c45f5183", size = 3860775, upload-time = "2026-09-07T02:27:30.604Z" },
    { url = "https://files.pythonhosted.org/packages/46/7b/299e994137e373c95d0bf83b6f7448617d2b9c6fa97f09a629872922e4e1/complexipy-8.0.1-cp313-cp313-manylinux_2_17_x86_64.manylinux2014_x86_64.whl", hash = "sha256:15c15ecb3975586cdacc34f22e79fdc76c5abbaa584a5ce1463253c0ae268429", size = 3777720, upload-time = "2026-09-07T02:27:32.384Z" },
    { url = "https://files.pythonhosted.org/packages/e8/65/bee744993587654c475c45a8764e5fe0dd6971a73ee3b5a2dcc9fb5f4234/complexipy-8.0.1-cp313-cp313-musllinux_1_2_aarch64.whl", hash = "sha256:d42268139220b1001d69f9e23a107c34c3123c68903f1a1c04a3210a327c4f18", size = 3935194, upload-time = "2026-09-07T02:27:33.749Z" },
    { url = "https://files.pythonhosted.org/packages/61/b0/10bc694fb55701fde9a9ab1d01b626985caceb13eb3dc644c04e05fda34c/complexipy-8.0.1-cp313-cp313-musllinux_1_2_x86_64.whl", hash = "sha256:c2a40e9a16b74811fa1aa36ced1ee06dfc9ae266b2864a4838f5d260001bbb35", size = 4068518, upload-time = "2026-09-07T02:27:35.327Z" },
    { url = "https://files.pythonhosted.org/packages/a2/3b/27aa8236795ae96c8a3a8cff58091ced45f2b349969d76226160d097af39/complexipy-8.0.1-cp313-cp313-win32.whl", hash = "sha256:2e04ff05e0cc351e5713632de8c73ea6e388349b1ae7c194b103e4c21e36013a", size = 3142527, upload-time = "2026-09-07T02:27:36.803Z" },
    { url = "https://files.pythonhosted.org/packages/02/de/0c1357282f8bcbd91d8b2e61151525e8d58f385c82f4bdbb3083ece8460b/complexipy-8.0.1-cp313-cp313-win_amd64.whl", hash = "sha256:36e523eb978a5d1e709157de6e774835f3fc5a356426fba359176ba62ae43c24", size = 3358073, upload-time = "2026-09-07T02:27:38.309Z" },
    { url = "https://files.pythonhosted.org/packages/7c/37/7fbe7f421f317fab067f625c78eec621897b98fa8fbf94df0a0bc97ce34d/complexipy-8.0.1-cp314-cp314-macosx_10_12_x86_64.whl", hash = "sha256:272d577cd63d78e79e65831a24abfcfbf0fde3e8d5117166a431ced8d46cf74d", size = 3544180, upload-time = "2026-09-07T02:27:39.592Z" },
    { url = "https://files.pythonhosted.org/packages/88/1c/1c2ae1b4984e9c0c51bd0eb7c1434abf77c6e5b77c023bbf41bc6546da31/complexipy-8.0.1-cp314-cp314-macosx_11_0_arm64.whl", hash = "sha256:4c7768b49df0d9c182783d2f6291139fa152ed7b12f4ad6dc6e2c04ed6e278d8", size = 3463407, upload-time = "2026-09-07T02:27:41.125Z" },
    { url = "https://files.pythonhosted.org/packages/3e/27/dac5e35ca9a898d93166115bc0d02688e75ef3d95994584ca50f67f228e6/complexipy-8.0.1-cp314-cp314-manylinux_2_17_aarch64.manylinux2014_aarch64.whl", hash = "sha256:129d67f05e68c3ff8a0c91ff5b3e3de2613e353917062a32c4af4c801db85c22", size = 3761593, upload-time = "2026-09-07T02:27:42.436Z" },
    { url = "https://files.pythonhosted.org/packages/dd/78/96dd713fb3ad1fc82c62cc3c07d86a70f7cca71310413f05b0d79722cf8c/complexipy-8.0.1-cp314-cp314-manylinux_2_17_armv7l.manylinux2014_armv7l.whl", hash = "sha256:da098d19417eb5a0187ad578f21ec72470ed0cb42e04981aaf5e30f9f6947c2f", size = 3673020, upload-time = "2026-09-07T02:27:43.74Z" },
    { url = "https://files.pythonhosted.org/packages/72/1c/acaa17d3bd82a9d1419bae5b8465b2ea1faccb014203b4faf8d421fd6338/complexipy-8.0.1-cp314-cp314-manylinux_2_17_i686.manylinux2014_i686.whl", hash = "sha256:d2845f6b009c45a8605b04eb9cf953a9deea2f8108befd0157ca328fdbeb1bfa", size = 4022134, upload-time = "2026-09-07T02:27:45.112Z" },
    { url = "https://files.pythonhosted.org/packages/1f/d4/005c6b4295ab76e4653f96cd34328a92887f8dfbb1e1f26e2652fb7fe7fb/complexipy-8.0.1-cp314-cp314-manylinux_2_17_ppc64le.manylinux2014_ppc64le.whl", hash = "sha256:341a245462ae12437b9ccfc38c84cc6614a13ed66f240b17e0361e3e5e3136c9", size = 4266776, upload-time = "2026-09-07T02:27:46.618Z" },
    { url = "https://files.pythonhosted.org/packages/00/02/38565a24bac55336a068d3e35ce627b38a265f90e4a927b502682037c431/complexipy-8.0.1-cp314-cp314-manylinux_2_17_s390x.manylinux2014_s390x.whl", hash = "sha256:41a1eb51401c58292aebc5f882eda005c60c515e7ed0fb54bf52450b300fca08", size = 3860517, upload-time = "2026-09-07T02:27:48.022Z" },
    { url = "https://files.pythonhosted.org/packages/0d/fb/03e028bbcfe318d6ffa9bf9e62db6ae1d2cac020bf62c0ba4e90bdf5b454/complexipy-8.0.1-cp314-cp314-manylinux_2_17_x86_64.manylinux2014_x86_64.whl", hash = "sha256:4d8f4cc1c7851815b7c0e62e64998230e9683e85801005cdc24ed804bd3e0669", size = 3778659, upload-time = "2026-09-07T02:27:49.587Z" },
    { url = "https://files.pythonhosted.org/packages/06/74/d336ae3cb2a7158a5614bcf36502c8891fa09f4ab26fcf0dac4396877c8d/complexipy-8.0.1-cp314-cp314-musllinux_1_2_aarch64.whl", hash = "sha256:54299c8c4cb30543406fd1d71c2be7931a138a0ea2e6c9c6cb6174a718415752", size = 3935493, upload-time = "2026-09-07T02:27:51.014Z" },
    { url = "https://files.pythonhosted.org/packages/76/43/3e131de306672acb51d55a00ad3b998e661145f37c8fec5c5e21101b5610/complexipy-8.0.1-cp314-cp314-musllinux_1_2_x86_64.whl", hash = "sha256:164573531756f23a7b18483f382583a7a0ed7846f768c24ea58d0676edc5c0a0", size = 4068631, upload-time = "2026-09-07T02:27:52.337Z" },
    { url = "https://files.pythonhosted.org/packages/db/09/cbed0adbea910264573521c4ae89105e1e274528c136ee23191fc148c2c2/complexipy-8.0.1-cp314-cp314-win32.whl", hash = "sha256:186194bd2222de285cbc50db31d8d656e3e695f1082371287f22de8fb62f8834", size = 3142992, upload-time = "2026-09-07T02:27:53.829Z" },
    { url = "https://files.pythonhosted.org/packages/16/5a/3f7384cae0304427805a9803ee6484c0789ddaf99edadad477b4649f18c8/complexipy-8.0.1-cp314-cp314-win_amd64.whl", hash = "sha256:438944ee6f25eac4f343175fe6c0386b7c978bf040b52aa2f0ad098bf1606092", size = 3358884, upload-time = "2026-09-07T02:27:55.262Z" },
    { url = "https://files.pythonhosted.org/packages/01/8b/d9cdf0fc8620b2b4b14184eca5e4d509ec271fb020921c71924fba515889/complexipy-8.0.1-cp314-cp314t-manylinux_2_17_aarch64.manylinux2014_aarch64.whl", hash = "sha256:c34bbe2a0600e539bcde5d7f7df42d61f57a0b390d62c2c7b360d05b4423a56a", size = 3760134, upload-time = "2026-09-07T02:27:56.57Z" },
    { url = "https://files.pythonhosted.org/packages/12/07/5f200127cd9824ab98438262e71eabde5b4a76cce78039eaa6bd334ec5f9/complexipy-8.0.1-cp314-cp314t-manylinux_2_17_armv7l.manylinux2014_armv7l.whl", hash = "sha256:4dd9fd018860ab94da600d05bcb8853b76883be1d06b062c51bb6fd3bdb5697b", size = 3670662, upload-time = "2026-09-07T02:27:58.397Z" },
    { url = "https://files.pythonhosted.org/packages/b8/03/4770786add33b063991fc61c4c1cfdf586d74aef4b110d4f95098d720334/complexipy-8.0.1-cp314-cp314t-manylinux_2_17_i686.manylinux2014_i686.whl", hash = "sha256:253a050ac6e5d11f82bc3cd43e2b90dc12ff8e5c6cfe71182fed1539ef0021a2", size = 4019056, upload-time = "2026-09-07T02:27:59.86Z" },
    { url = "https://files.pythonhosted.org/packages/ba/53/9238527697a9180268ba92c168d6335c6a55db35dd5ef73a600c255214e4/complexipy-8.0.1-cp314-cp314t-manylinux_2_17_ppc64le.manylinux2014_ppc64le.whl", hash = "sha256:cbabfdc1a695b52181b6f81684f5e235cf33775782698e7c0af685fc3f3334f2", size = 4267547, upload-time = "2026-09-07T02:28:01.14Z" },
    { url = "https://files.pythonhosted.org/packages/4b/a6/ca3629219c390c7a746df87182631519c6ab8edca068e12bd6ce4a06b7a3/complexipy-8.0.1-cp314-cp314t-manylinux_2_17_s390x.manylinux2014_s390x.whl", hash = "sha256:a41c2e46b91679f48749e8540ef94aa678f3888dcde1ebe13f04f79971dfff86", size = 3856857, upload-time = "2026-09-07T02:28:02.498Z" },
    { url = "https://files.pythonhosted.org/packages/11/04/112eb689e054f81289aff7694d25de5b5e38264e57aa81c1a9520ebaeac1/complexipy-8.0.1-cp314-cp314t-manylinux_2_17_x86_64.manylinux2014_x86_64.whl", hash = "sha256:0d4e44305283507dddc5f70d549a1739a5c7bd66c61641759279afa3eb550356", size = 3779706, upload-time = "2026-09-07T02:28:04.066Z" },
    { url = "https://files.pythonhosted.org/packages/e1/4d/0c776560fdeb37aa2e454f79b66d49bac283661677e2e311bb664bfb5d86/complexipy-8.0.1-cp314-cp314t-musllinux_1_2_aarch64.whl", hash = "sha256:91e534311df19e112527bfb43bf5a04c7f215bcf34fd2147dd7b007672b92d32", size = 3935858, upload-time = "2026-09-07T02:28:05.709Z" },
    { url = "https://files.pythonhosted.org/packages/fc/3c/301e7e172bcc7475ca7b7e537a6d9b4eec0f1963d356d35b9cbbe1232b37/complexipy-8.0.1-cp314-cp314t-musllinux_1_2_x86_64.whl", hash = "sha256:ba618bc81a5992556264a28d7a7646130ce3aa88f5f4ba4b99c68c01fa3b124c", size = 4068941, upload-time = "2026-09-07T02:28:07.11Z" },
    { url = "https://files.pythonhosted.org/packages/60/18/7925b7c1c57727a775aaa5c53d114b0b999afe3cfdd2672f0c6c7906f580/complexipy-8.0.1-cp315-cp315-manylinux_2_17_i686.manylinux2014_i686.whl", hash = "sha256:fad5aa4e63cbefb8c6de40cd02fbf7eeef39b8ccc07766bc66da4064ca119d3c", size = 4023365, upload-time = "2026-09-07T02:28:08.534Z" },
    { url = "https://files.pythonhosted.org/packages/52/a2/e6f7a5442d6571adc8adeff946b91ab92d605e1face7e7cbbb5015e18101/complexipy-8.0.1-cp315-cp315-manylinux_2_17_x86_64.manylinux2014_x86_64.whl", hash = "sha256:e2cef6e40764553b7daa192068e9fd24311046c0f6758f11e462717c4de6a572", size = 3778554, upload-time = "2026-09-07T02:28:09.874Z" },
    { url = "https://files.pythonhosted.org/packages/ac/57/1bed68de8b8451d03ad87cdeb6c40a2db41124409bbfdb728e98090df69c/complexipy-8.0.1-cp315-cp315t-manylinux_2_17_i686.manylinux2014_i686.whl", hash = "sha256:e3521f282c554fbd3a24aec6dad4ba80044e935b4e42417db6c4cf96615ff9f0", size = 4019065, upload-time = "2026-09-07T02:28:11.21Z" },
    { url = "https://files.pythonhosted.org/packages/c5/01/6f24448bd5ad4f8f094deaacb365a01a5270d0703c40f651060d450de662/complexipy-8.0.1-cp315-cp315t-manylinux_2_17_x86_64.manylinux2014_x86_64.whl", hash = "sha256:3ae988ed8f8a4ab2d410ef7fad74b87cb21a60c8fd73c25e8be7536fccc66405", size = 3779893, upload-time = "2026-09-07T02:28:12.761Z" },
]

[[package]]
name = "python-quality-tools"
version = "0.1.0"
source = { virtual = "." }
dependencies = [
    { name = "anti-slop-py" },
    { name = "complexipy" },
    { name = "ruff" },
]

[package.metadata]
requires-dist = [
    { name = "anti-slop-py", git = "https://github.com/TinyFrontier/anti-slop-py?rev=86ea16d3abb2322e0496c5b6da8cd6d5704166cf" },
    { name = "complexipy", specifier = "==8.0.1" },
    { name = "ruff", specifier = "==0.16.8" },
]

[[package]]
name = "ruff"
version = "0.16.8"
source = { registry = "https://pypi.org/simple" }
sdist = { url = "https://files.pythonhosted.org/packages/ba/78/449cb84790bd5cc3823b2652ee405a4558856e5c4195aee3a16bf7b3eb5d/ruff-0.16.8.tar.gz", hash = "sha256:9247bf92b5f04d825c8639a4fe423ec2e4222acd9222e58412b0dab7e442798b", size = 4938814, upload-time = "2026-09-16T15:54:46.688Z" }
wheels = [
    { url = "https://files.pythonhosted.org/packages/ac/25/6071aabc530e9be7e2c195e8fe3f7aea2735405b6cf447212832d7811831/ruff-0.16.8-py3-none-linux_armv6l.whl", hash = "sha256:6ffbd6d87383c1edf5f6fa890f10200950240d7c1a16052a19a09d3a2307dd38", size = 10048966, upload-time = "2026-09-16T15:53:57.605Z" },
    { url = "https://files.pythonhosted.org/packages/54/98/07f90ecbc74dd5fb5764f11f2bc774d6a7cffef92d2ff5f5b4e9e23c754e/ruff-0.16.8-py3-none-macosx_10_12_x86_64.whl", hash = "sha256:42ed6b878ed61e3acca92f2730a17acff39286944ea82398544696366a6f925e", size = 10165498, upload-time = "2026-09-16T15:54:01.14Z" },
    { url = "https://files.pythonhosted.org/packages/fe/1f/e6a712e3b47cad4a40600134105ed193cb773f618a42eb7ba323cb812cc0/ruff-0.16.8-py3-none-macosx_11_0_arm64.whl", hash = "sha256:7ea781c7f2afba8c6a505ea0fb3f994020249e0c450635f5381286fea6b46170", size = 9830004, upload-time = "2026-09-16T15:54:03.998Z" },
    { url = "https://files.pythonhosted.org/packages/23/f2/311a08776d75d81c7676e20b6b020ae63cbe881fcdc7a8dd64e6e18bdd93/ruff-0.16.8-py3-none-manylinux_2_17_aarch64.manylinux2014_aarch64.whl", hash = "sha256:8efeae3bbe414a5efefda11a792dfb51ef90ac48d50c4830de2f644caf3e8659", size = 9986558, upload-time = "2026-09-16T15:54:06.804Z" },
    { url = "https://files.pythonhosted.org/packages/f3/ed/37b6cb3d3ba8c73e68ae3eb1d502383beb5aa05a582bb7bb3a922f929f54/ruff-0.16.8-py3-none-manylinux_2_17_armv7l.manylinux2014_armv7l.whl", hash = "sha256:3a79b795469fef7fc6e908b218eed2eb17332afd85031db6480dc864560e69b2", size = 9877332, upload-time = "2026-09-16T15:54:09.552Z" },
    { url = "https://files.pythonhosted.org/packages/22/cc/40873a8f36ad084cc540d55fcca7077264d5b13b24659e9180c176fb2b08/ruff-0.16.8-py3-none-manylinux_2_17_i686.manylinux2014_i686.whl", hash = "sha256:3fdc5563cdc50555e6fba39322850860e9267c1b3d12c26a74729d8604c3c812", size = 10507125, upload-time = "2026-09-16T15:54:12.152Z" },
    { url = "https://files.pythonhosted.org/packages/c3/e4/fc91a642b78ccbab6b9477720f3644ae7a10a9bcce69a934679cd64f62bc/ruff-0.16.8-py3-none-manylinux_2_17_ppc64le.manylinux2014_ppc64le.whl", hash = "sha256:34508983c70665578dab88f5223d8e6228307e1135398ca8bfc8b7e9501e282b", size = 11336694, upload-time = "2026-09-16T15:54:15.489Z" },
    { url = "https://files.pythonhosted.org/packages/c2/3d/bbd2a9a600a4e73dc3e7548a249c8d1671273464b55822c6fae50f602dff/ruff-0.16.8-py3-none-manylinux_2_17_s390x.manylinux2014_s390x.whl", hash = "sha256:644bb578569e0ffc575741232bd385dacdd6fbe123f1a729e7a225f54aa3957f", size = 10774448, upload-time = "2026-09-16T15:54:18.16Z" },
    { url = "https://files.pythonhosted.org/packages/1a/41/d83af9879a7b6e8bf5fe16b1da0b134049d2f5d3afac12defb0897cb84bd/ruff-0.16.8-py3-none-manylinux_2_17_x86_64.manylinux2014_x86_64.whl", hash = "sha256:15e7d226246961db9235098333caa13063906d3851136b84c2900b82f5daa1df", size = 10323796, upload-time = "2026-09-16T15:54:20.743Z" },
    { url = "https://files.pythonhosted.org/packages/f5/2c/cefd07bfe914b84943ea769ade8d607bd22750b965d3228eefd7cebd15d0/ruff-0.16.8-py3-none-manylinux_2_31_riscv64.whl", hash = "sha256:a2bf6bc3e9ebdd4449abc6f06cf64b98051a2c61cf94d2fe9596518c881f1a1e", size = 10514115, upload-time = "2026-09-16T15:54:23.497Z" },
    { url = "https://files.pythonhosted.org/packages/f3/9d/76a2e26c79a23be6e6e3664c57bec9e9fc8de155cfb9e4b67ea91b64f9d7/ruff-0.16.8-py3-none-musllinux_1_2_aarch64.whl", hash = "sha256:6ca111ba0849539165e9e59d2b442542f3c1e8060ebbdea82494f1ffbccb1e1f", size = 10072582, upload-time = "2026-09-16T15:54:26.185Z" },
    { url = "https://files.pythonhosted.org/packages/2e/d4/f42edddb39668af1a559ceafa3823aedd65633a48dc9768e775485faa2c1/ruff-0.16.8-py3-none-musllinux_1_2_armv7l.whl", hash = "sha256:359a1e5b495448ee1e91018064382ebc86f90e8aac2fed222c7d0e4e8df85fd2", size = 9879644, upload-time = "2026-09-16T15:54:29.278Z" },
    { url = "https://files.pythonhosted.org/packages/f8/d4/913e3195d95e0378786c6656945c865f534a3560e29139da4882aff630d1/ruff-0.16.8-py3-none-musllinux_1_2_i686.whl", hash = "sha256:59e8f5681349474110b24d62e93cfda6593f5fa3473446ca3705200cac1a08b9", size = 10231569, upload-time = "2026-09-16T15:54:32.036Z" },
    { url = "https://files.pythonhosted.org/packages/2b/c4/8aa6ea0bdcedbd1bf87397e2fc4ed8406448ea5842f8660bc6e5f163039d/ruff-0.16.8-py3-none-musllinux_1_2_x86_64.whl", hash = "sha256:efa3e7a16d1baaa79957888dfdf8be9ef2e44db81cb032af06d76632ab59e773", size = 10663666, upload-time = "2026-09-16T15:54:34.838Z" },
    { url = "https://files.pythonhosted.org/packages/3d/02/7f10ef4700bc223c30a3fdd10631a29830c45524b810a3c7ed947af64591/ruff-0.16.8-py3-none-win32.whl", hash = "sha256:55793ba85c69921e89be061426d91a78652d6e50317c962240922747a4eb713f", size = 10093472, upload-time = "2026-09-16T15:54:37.47Z" },
    { url = "https://files.pythonhosted.org/packages/1e/5d/a509c07d714b6da88f2c518b4637cf6f1d46b074be8f0f1e5fb9ff5126fe/ruff-0.16.8-py3-none-win_amd64.whl", hash = "sha256:a6b85621fd3c81e31fc5f5add09c9c078b430db3595ca632efafdec9e64ebfaa", size = 10586899, upload-time = "2026-09-16T15:54:40.488Z" },
    { url = "https://files.pythonhosted.org/packages/fe/a0/50787329e4f20bf9dc9f6230015d46ec69c51a97ace5bc202dae4755365d/ruff-0.16.8-py3-none-win_arm64.whl", hash = "sha256:d075e820af612102ce217f07cc93e69f9490b10ec13ea85fa87bd03d996cef8a", size = 10386316, upload-time = "2026-09-16T15:54:43.332Z" },
]
